
Microsoft Visual Studio Solution File, Format Version 12.00
# Visual Studio Version 17
VisualStudioVersion = 17.11.35327.3
MinimumVisualStudioVersion = 10.0.40219.1
Project("{9A19103F-16F7-4668-BE54-9A1E7A4F7556}") = "DataLayer", "DataLayer\DataLayer.csproj", "{7258D5AC-0468-4EEB-97BD-54BE0E12E1E9}"
EndProject
Project("{9A19103F-16F7-4668-BE54-9A1E7A4F7556}") = "BusinessLayer", "BusinessLayer\BusinessLayer.csproj", "{8CE3FED9-B69B-4F9C-821C-17FF0BFF6F1B}"
EndProject
Project("{FAE04EC0-301F-11D3-BF4B-00C04F79EFBC}") = "WebFrontend", "WebFrontend\WebFrontend.csproj", "{97522F02-1902-4D89-AEA2-051DA196E47E}"
EndProject
Global
	GlobalSection(SolutionConfigurationPlatforms) = preSolution
		Debug|Any CPU = Debug|Any CPU
		Release|Any CPU = Release|Any CPU
	EndGlobalSection
	GlobalSection(ProjectConfigurationPlatforms) = postSolution
		{7258D5AC-0468-4EEB-97BD-54BE0E12E1E9}.Debug|Any CPU.ActiveCfg = Debug|Any CPU
		{7258D5AC-0468-4EEB-97BD-54BE0E12E1E9}.Debug|Any CPU.Build.0 = Debug|Any CPU
		{7258D5AC-0468-4EEB-97BD-54BE0E12E1E9}.Release|Any CPU.ActiveCfg = Release|Any CPU
		{7258D5AC-0468-4EEB-97BD-54BE0E12E1E9}.Release|Any CPU.Build.0 = Release|Any CPU
		{8CE3FED9-B69B-4F9C-821C-17FF0BFF6F1B}.Debug|Any CPU.ActiveCfg = Debug|Any CPU
		{8CE3FED9-B69B-4F9C-821C-17FF0BFF6F1B}.Debug|Any CPU.Build.0 = Debug|Any CPU
		{8CE3FED9-B69B-4F9C-821C-17FF0BFF6F1B}.Release|Any CPU.ActiveCfg = Release|Any CPU
		{8CE3FED9-B69B-4F9C-821C-17FF0BFF6F1B}.Release|Any CPU.Build.0 = Release|Any CPU
		{97522F02-1902-4D89-AEA2-051DA196E47E}.Debug|Any CPU.ActiveCfg = Debug|Any CPU
		{97522F02-1902-4D89-AEA2-051DA196E47E}.Debug|Any CPU.Build.0 = Debug|Any CPU
		{97522F02-1902-4D89-AEA2-051DA196E47E}.Release|Any CPU.ActiveCfg = Release|Any CPU
		{97522F02-1902-4D89-AEA2-051DA196E47E}.Release|Any CPU.Build.0 = Release|Any CPU
	EndGlobalSection
	GlobalSection(SolutionProperties) = preSolution
		HideSolutionNode = FALSE
	EndGlobalSection
	GlobalSection(ExtensibilityGlobals) = postSolution
		SolutionGuid = {AB7A8A67-2C26-4D59-9FC0-5E8084F5E815}
	EndGlobalSection
EndGlobal
